
Microsoft Visual Studio Solution File, Format Version 12.00
# Visual Studio Version 17
VisualStudioVersion = 17.3.32929.385
MinimumVisualStudioVersion = 10.0.40219.1
Project("{9A19103F-16F7-4668-BE54-9A1E7A4F7556}") = "SCT.Module", "SCT.Module\SCT.Module.csproj", "{5E561C92-F3E1-43CF-BC0E-A3671D58D1AF}"
EndProject
Project("{9A19103F-16F7-4668-BE54-9A1E7A4F7556}") = "SCT.Win", "SCT.Win\SCT.Win.csproj", "{25F96902-7CC2-4F61-8586-5D1CE3549694}"
EndProject
Project("{2150E333-8FDC-42A3-9474-1A3956D46DE8}") = "Modules", "Modules", "{07260471-17CE-4412-BBE2-1164DA96E810}"
EndProject
Project("{9A19103F-16F7-4668-BE54-9A1E7A4F7556}") = "FileSystemData", "Modules\FileSystemData\FileSystemData\FileSystemData.csproj", "{D1D00E94-81CE-42EB-8740-4ABDBA6C5C8F}"
EndProject
Project("{9A19103F-16F7-4668-BE54-9A1E7A4F7556}") = "SCT.Blazor.Server", "SCT.Blazor.Server\SCT.Blazor.Server.csproj", "{01937BA9-52DB-4525-AF94-A8F5A4EAC28D}"
EndProject
Global
	GlobalSection(SolutionConfigurationPlatforms) = preSolution
		Debug|Any CPU = Debug|Any CPU
		EasyTest|Any CPU = EasyTest|Any CPU
		Release|Any CPU = Release|Any CPU
	EndGlobalSection
	GlobalSection(ProjectConfigurationPlatforms) = postSolution
		{5E561C92-F3E1-43CF-BC0E-A3671D58D1AF}.Debug|Any CPU.ActiveCfg = Debug|Any CPU
		{5E561C92-F3E1-43CF-BC0E-A3671D58D1AF}.Debug|Any CPU.Build.0 = Debug|Any CPU
		{5E561C92-F3E1-43CF-BC0E-A3671D58D1AF}.EasyTest|Any CPU.ActiveCfg = EasyTest|Any CPU
		{5E561C92-F3E1-43CF-BC0E-A3671D58D1AF}.EasyTest|Any CPU.Build.0 = EasyTest|Any CPU
		{5E561C92-F3E1-43CF-BC0E-A3671D58D1AF}.Release|Any CPU.ActiveCfg = Release|Any CPU
		{5E561C92-F3E1-43CF-BC0E-A3671D58D1AF}.Release|Any CPU.Build.0 = Release|Any CPU
		{25F96902-7CC2-4F61-8586-5D1CE3549694}.Debug|Any CPU.ActiveCfg = Debug|Any CPU
		{25F96902-7CC2-4F61-8586-5D1CE3549694}.Debug|Any CPU.Build.0 = Debug|Any CPU
		{25F96902-7CC2-4F61-8586-5D1CE3549694}.EasyTest|Any CPU.ActiveCfg = EasyTest|Any CPU
		{25F96902-7CC2-4F61-8586-5D1CE3549694}.EasyTest|Any CPU.Build.0 = EasyTest|Any CPU
		{25F96902-7CC2-4F61-8586-5D1CE3549694}.Release|Any CPU.ActiveCfg = Release|Any CPU
		{25F96902-7CC2-4F61-8586-5D1CE3549694}.Release|Any CPU.Build.0 = Release|Any CPU
		{D1D00E94-81CE-42EB-8740-4ABDBA6C5C8F}.Debug|Any CPU.ActiveCfg = Debug|Any CPU
		{D1D00E94-81CE-42EB-8740-4ABDBA6C5C8F}.Debug|Any CPU.Build.0 = Debug|Any CPU
		{D1D00E94-81CE-42EB-8740-4ABDBA6C5C8F}.EasyTest|Any CPU.ActiveCfg = EasyTest|Any CPU
		{D1D00E94-81CE-42EB-8740-4ABDBA6C5C8F}.EasyTest|Any CPU.Build.0 = EasyTest|Any CPU
		{D1D00E94-81CE-42EB-8740-4ABDBA6C5C8F}.Release|Any CPU.ActiveCfg = Release|Any CPU
		{D1D00E94-81CE-42EB-8740-4ABDBA6C5C8F}.Release|Any CPU.Build.0 = Release|Any CPU
		{01937BA9-52DB-4525-AF94-A8F5A4EAC28D}.Debug|Any CPU.ActiveCfg = Debug|Any CPU
		{01937BA9-52DB-4525-AF94-A8F5A4EAC28D}.Debug|Any CPU.Build.0 = Debug|Any CPU
		{01937BA9-52DB-4525-AF94-A8F5A4EAC28D}.EasyTest|Any CPU.ActiveCfg = EasyTest|Any CPU
		{01937BA9-52DB-4525-AF94-A8F5A4EAC28D}.EasyTest|Any CPU.Build.0 = EasyTest|Any CPU
		{01937BA9-52DB-4525-AF94-A8F5A4EAC28D}.Release|Any CPU.ActiveCfg = Release|Any CPU
		{01937BA9-52DB-4525-AF94-A8F5A4EAC28D}.Release|Any CPU.Build.0 = Release|Any CPU
	EndGlobalSection
	GlobalSection(SolutionProperties) = preSolution
		HideSolutionNode = FALSE
	EndGlobalSection
	GlobalSection(NestedProjects) = preSolution
		{D1D00E94-81CE-42EB-8740-4ABDBA6C5C8F} = {07260471-17CE-4412-BBE2-1164DA96E810}
	EndGlobalSection
	GlobalSection(ExtensibilityGlobals) = postSolution
		SolutionGuid = {8920BC62-96E3-46E8-AFAD-DD8BDDD04C8A}
	EndGlobalSection
EndGlobal
